// !$*UTF8*$!
{
	archiveVersion = 1;
	classes = {
	};
	objectVersion = 46;
	objects = {

/* Begin PBXBuildFile section */
		C3779C6E1CAA320800A18F2E /* liblibc.dylib in Frameworks */ = {isa = PBXBuildFile; fileRef = "_____Product_libc" /* liblibc.dylib */; };
		C3779C6F1CAA320800A18F2E /* libFluent.dylib in Frameworks */ = {isa = PBXBuildFile; fileRef = "_____Product_Fluent" /* libFluent.dylib */; };
		C3779C701CAA320800A18F2E /* liblibc.dylib in Frameworks */ = {isa = PBXBuildFile; fileRef = "_____Product_libc" /* liblibc.dylib */; };
		_LinkFileRef_Fluent /* libFluent.dylib in Frameworks */ = {isa = PBXBuildFile; fileRef = "_____Product_Fluent" /* libFluent.dylib */; };
		_LinkFileRef_libc /* liblibc.dylib in Frameworks */ = {isa = PBXBuildFile; fileRef = "_____Product_libc" /* liblibc.dylib */; };
		__src_cc_ref_Sources/Fluent/Action.swift /* Action.swift in Sources */ = {isa = PBXBuildFile; fileRef = __PBXFileRef_Sources/Fluent/Action.swift /* Action.swift */; };
		__src_cc_ref_Sources/Fluent/Comparison.swift /* Comparison.swift in Sources */ = {isa = PBXBuildFile; fileRef = __PBXFileRef_Sources/Fluent/Comparison.swift /* Comparison.swift */; };
		__src_cc_ref_Sources/Fluent/Database.swift /* Database.swift in Sources */ = {isa = PBXBuildFile; fileRef = __PBXFileRef_Sources/Fluent/Database.swift /* Database.swift */; };
		__src_cc_ref_Sources/Fluent/Driver.swift /* Driver.swift in Sources */ = {isa = PBXBuildFile; fileRef = __PBXFileRef_Sources/Fluent/Driver.swift /* Driver.swift */; };
		__src_cc_ref_Sources/Fluent/Error.swift /* Error.swift in Sources */ = {isa = PBXBuildFile; fileRef = __PBXFileRef_Sources/Fluent/Error.swift /* Error.swift */; };
		__src_cc_ref_Sources/Fluent/Filter.swift /* Filter.swift in Sources */ = {isa = PBXBuildFile; fileRef = __PBXFileRef_Sources/Fluent/Filter.swift /* Filter.swift */; };
		__src_cc_ref_Sources/Fluent/Helper.swift /* Helper.swift in Sources */ = {isa = PBXBuildFile; fileRef = __PBXFileRef_Sources/Fluent/Helper.swift /* Helper.swift */; };
		__src_cc_ref_Sources/Fluent/Join.swift /* Join.swift in Sources */ = {isa = PBXBuildFile; fileRef = __PBXFileRef_Sources/Fluent/Join.swift /* Join.swift */; };
		__src_cc_ref_Sources/Fluent/Limit.swift /* Limit.swift in Sources */ = {isa = PBXBuildFile; fileRef = __PBXFileRef_Sources/Fluent/Limit.swift /* Limit.swift */; };
		__src_cc_ref_Sources/Fluent/Model.swift /* Model.swift in Sources */ = {isa = PBXBuildFile; fileRef = __PBXFileRef_Sources/Fluent/Model.swift /* Model.swift */; };
		__src_cc_ref_Sources/Fluent/NoSQL.swift /* NoSQL.swift in Sources */ = {isa = PBXBuildFile; fileRef = __PBXFileRef_Sources/Fluent/NoSQL.swift /* NoSQL.swift */; };
		__src_cc_ref_Sources/Fluent/Offset.swift /* Offset.swift in Sources */ = {isa = PBXBuildFile; fileRef = __PBXFileRef_Sources/Fluent/Offset.swift /* Offset.swift */; };
		__src_cc_ref_Sources/Fluent/Operation.swift /* Operation.swift in Sources */ = {isa = PBXBuildFile; fileRef = __PBXFileRef_Sources/Fluent/Operation.swift /* Operation.swift */; };
		__src_cc_ref_Sources/Fluent/PrintDriver.swift /* PrintDriver.swift in Sources */ = {isa = PBXBuildFile; fileRef = __PBXFileRef_Sources/Fluent/PrintDriver.swift /* PrintDriver.swift */; };
		__src_cc_ref_Sources/Fluent/Query.swift /* Query.swift in Sources */ = {isa = PBXBuildFile; fileRef = __PBXFileRef_Sources/Fluent/Query.swift /* Query.swift */; };
		__src_cc_ref_Sources/Fluent/SQL.swift /* SQL.swift in Sources */ = {isa = PBXBuildFile; fileRef = __PBXFileRef_Sources/Fluent/SQL.swift /* SQL.swift */; };
		__src_cc_ref_Sources/Fluent/Scope.swift /* Scope.swift in Sources */ = {isa = PBXBuildFile; fileRef = __PBXFileRef_Sources/Fluent/Scope.swift /* Scope.swift */; };
		__src_cc_ref_Sources/Fluent/Sort.swift /* Sort.swift in Sources */ = {isa = PBXBuildFile; fileRef = __PBXFileRef_Sources/Fluent/Sort.swift /* Sort.swift */; };
		__src_cc_ref_Sources/Fluent/Value.swift /* Value.swift in Sources */ = {isa = PBXBuildFile; fileRef = __PBXFileRef_Sources/Fluent/Value.swift /* Value.swift */; };
		__src_cc_ref_Sources/FluentDev/Address.swift /* Address.swift in Sources */ = {isa = PBXBuildFile; fileRef = __PBXFileRef_Sources/FluentDev/Address.swift /* Address.swift */; };
		__src_cc_ref_Sources/FluentDev/User.swift /* User.swift in Sources */ = {isa = PBXBuildFile; fileRef = __PBXFileRef_Sources/FluentDev/User.swift /* User.swift */; };
		__src_cc_ref_Sources/FluentDev/main.swift /* main.swift in Sources */ = {isa = PBXBuildFile; fileRef = __PBXFileRef_Sources/FluentDev/main.swift /* main.swift */; };
		__src_cc_ref_Sources/libc/libc.swift /* libc.swift in Sources */ = {isa = PBXBuildFile; fileRef = __PBXFileRef_Sources/libc/libc.swift /* libc.swift */; };
		__src_cc_ref_Tests/Fluent/QueryTests.swift /* QueryTests.swift in Sources */ = {isa = PBXBuildFile; fileRef = __PBXFileRef_Tests/Fluent/QueryTests.swift /* QueryTests.swift */; };
/* End PBXBuildFile section */

/* Begin PBXContainerItemProxy section */
		C3779C711CAA320800A18F2E /* PBXContainerItemProxy */ = {
			isa = PBXContainerItemProxy;
			containerPortal = __RootObject_ /* Project object */;
			proxyType = 1;
			remoteGlobalIDString = "______Target_libc";
			remoteInfo = libc;
		};
		C3779C721CAA320800A18F2E /* PBXContainerItemProxy */ = {
			isa = PBXContainerItemProxy;
			containerPortal = __RootObject_ /* Project object */;
			proxyType = 1;
			remoteGlobalIDString = "______Target_Fluent";
			remoteInfo = Fluent;
		};
/* End PBXContainerItemProxy section */

/* Begin PBXFileReference section */
		__PBXFileRef_Package.swift /* Package.swift */ = {isa = PBXFileReference; lastKnownFileType = sourcecode.swift; name = Package.swift; path = /Users/tanner/Developer/fluent/fluent/Package.swift; sourceTree = "<group>"; };
		__PBXFileRef_Sources/Fluent/Action.swift /* Action.swift */ = {isa = PBXFileReference; lastKnownFileType = sourcecode.swift; path = Action.swift; sourceTree = "<group>"; };
		__PBXFileRef_Sources/Fluent/Comparison.swift /* Comparison.swift */ = {isa = PBXFileReference; lastKnownFileType = sourcecode.swift; path = Comparison.swift; sourceTree = "<group>"; };
		__PBXFileRef_Sources/Fluent/Database.swift /* Database.swift */ = {isa = PBXFileReference; lastKnownFileType = sourcecode.swift; path = Database.swift; sourceTree = "<group>"; };
		__PBXFileRef_Sources/Fluent/Driver.swift /* Driver.swift */ = {isa = PBXFileReference; lastKnownFileType = sourcecode.swift; path = Driver.swift; sourceTree = "<group>"; };
		__PBXFileRef_Sources/Fluent/Error.swift /* Error.swift */ = {isa = PBXFileReference; lastKnownFileType = sourcecode.swift; path = Error.swift; sourceTree = "<group>"; };
		__PBXFileRef_Sources/Fluent/Filter.swift /* Filter.swift */ = {isa = PBXFileReference; lastKnownFileType = sourcecode.swift; path = Filter.swift; sourceTree = "<group>"; };
		__PBXFileRef_Sources/Fluent/Helper.swift /* Helper.swift */ = {isa = PBXFileReference; lastKnownFileType = sourcecode.swift; path = Helper.swift; sourceTree = "<group>"; };
		__PBXFileRef_Sources/Fluent/Join.swift /* Join.swift */ = {isa = PBXFileReference; lastKnownFileType = sourcecode.swift; path = Join.swift; sourceTree = "<group>"; };
		__PBXFileRef_Sources/Fluent/Limit.swift /* Limit.swift */ = {isa = PBXFileReference; lastKnownFileType = sourcecode.swift; path = Limit.swift; sourceTree = "<group>"; };
		__PBXFileRef_Sources/Fluent/Model.swift /* Model.swift */ = {isa = PBXFileReference; lastKnownFileType = sourcecode.swift; path = Model.swift; sourceTree = "<group>"; };
		__PBXFileRef_Sources/Fluent/NoSQL.swift /* NoSQL.swift */ = {isa = PBXFileReference; lastKnownFileType = sourcecode.swift; path = NoSQL.swift; sourceTree = "<group>"; };
		__PBXFileRef_Sources/Fluent/Offset.swift /* Offset.swift */ = {isa = PBXFileReference; lastKnownFileType = sourcecode.swift; path = Offset.swift; sourceTree = "<group>"; };
		__PBXFileRef_Sources/Fluent/Operation.swift /* Operation.swift */ = {isa = PBXFileReference; lastKnownFileType = sourcecode.swift; path = Operation.swift; sourceTree = "<group>"; };
		__PBXFileRef_Sources/Fluent/PrintDriver.swift /* PrintDriver.swift */ = {isa = PBXFileReference; lastKnownFileType = sourcecode.swift; path = PrintDriver.swift; sourceTree = "<group>"; };
		__PBXFileRef_Sources/Fluent/Query.swift /* Query.swift */ = {isa = PBXFileReference; lastKnownFileType = sourcecode.swift; path = Query.swift; sourceTree = "<group>"; };
		__PBXFileRef_Sources/Fluent/SQL.swift /* SQL.swift */ = {isa = PBXFileReference; lastKnownFileType = sourcecode.swift; path = SQL.swift; sourceTree = "<group>"; };
		__PBXFileRef_Sources/Fluent/Scope.swift /* Scope.swift */ = {isa = PBXFileReference; lastKnownFileType = sourcecode.swift; path = Scope.swift; sourceTree = "<group>"; };
		__PBXFileRef_Sources/Fluent/Sort.swift /* Sort.swift */ = {isa = PBXFileReference; lastKnownFileType = sourcecode.swift; path = Sort.swift; sourceTree = "<group>"; };
		__PBXFileRef_Sources/Fluent/Value.swift /* Value.swift */ = {isa = PBXFileReference; lastKnownFileType = sourcecode.swift; path = Value.swift; sourceTree = "<group>"; };
		__PBXFileRef_Sources/FluentDev/Address.swift /* Address.swift */ = {isa = PBXFileReference; lastKnownFileType = sourcecode.swift; path = Address.swift; sourceTree = "<group>"; };
		__PBXFileRef_Sources/FluentDev/User.swift /* User.swift */ = {isa = PBXFileReference; lastKnownFileType = sourcecode.swift; path = User.swift; sourceTree = "<group>"; };
		__PBXFileRef_Sources/FluentDev/main.swift /* main.swift */ = {isa = PBXFileReference; lastKnownFileType = sourcecode.swift; path = main.swift; sourceTree = "<group>"; };
		__PBXFileRef_Sources/libc/libc.swift /* libc.swift */ = {isa = PBXFileReference; lastKnownFileType = sourcecode.swift; path = libc.swift; sourceTree = "<group>"; };
		__PBXFileRef_Tests/Fluent/QueryTests.swift /* QueryTests.swift */ = {isa = PBXFileReference; lastKnownFileType = sourcecode.swift; path = QueryTests.swift; sourceTree = "<group>"; };
		"_____Product_Fluent" /* libFluent.dylib */ = {isa = PBXFileReference; explicitFileType = "compiled.mach-o.dylib"; path = libFluent.dylib; sourceTree = BUILT_PRODUCTS_DIR; };
		"_____Product_FluentDev" /* FluentDev */ = {isa = PBXFileReference; explicitFileType = "compiled.mach-o.executable"; path = FluentDev; sourceTree = BUILT_PRODUCTS_DIR; };
		"_____Product_FluentTestSuite" /* FluentTestSuite.xctest */ = {isa = PBXFileReference; lastKnownFileType = file; name = FluentTestSuite.xctest; path = Fluent.testsuite.xctest; sourceTree = BUILT_PRODUCTS_DIR; };
		"_____Product_libc" /* liblibc.dylib */ = {isa = PBXFileReference; explicitFileType = "compiled.mach-o.dylib"; path = liblibc.dylib; sourceTree = BUILT_PRODUCTS_DIR; };
/* End PBXFileReference section */

/* Begin PBXFrameworksBuildPhase section */
		"___LinkPhase_Fluent" /* Frameworks */ = {
			isa = PBXFrameworksBuildPhase;
			buildActionMask = 0;
			files = (
				_LinkFileRef_libc /* liblibc.dylib in Frameworks */,
			);
			runOnlyForDeploymentPostprocessing = 0;
		};
		"___LinkPhase_FluentDev" /* Frameworks */ = {
			isa = PBXFrameworksBuildPhase;
			buildActionMask = 0;
			files = (
				_LinkFileRef_Fluent /* libFluent.dylib in Frameworks */,
				C3779C6E1CAA320800A18F2E /* liblibc.dylib in Frameworks */,
			);
			runOnlyForDeploymentPostprocessing = 0;
		};
		"___LinkPhase_FluentTestSuite" /* Frameworks */ = {
			isa = PBXFrameworksBuildPhase;
			buildActionMask = 0;
			files = (
				C3779C6F1CAA320800A18F2E /* libFluent.dylib in Frameworks */,
				C3779C701CAA320800A18F2E /* liblibc.dylib in Frameworks */,
			);
			runOnlyForDeploymentPostprocessing = 0;
		};
		"___LinkPhase_libc" /* Frameworks */ = {
			isa = PBXFrameworksBuildPhase;
			buildActionMask = 0;
			files = (
			);
			runOnlyForDeploymentPostprocessing = 0;
		};
/* End PBXFrameworksBuildPhase section */

/* Begin PBXGroup section */
		TestProducts_ /* Tests */ = {
			isa = PBXGroup;
			children = (
				"_____Product_FluentTestSuite" /* FluentTestSuite.xctest */,
			);
			name = Tests;
			sourceTree = "<group>";
		};
		"___RootGroup_" = {
			isa = PBXGroup;
			children = (
				__PBXFileRef_Package.swift /* Package.swift */,
				"_____Sources_" /* Sources */,
				"_______Tests_" /* Tests */,
				"____Products_" /* Products */,
			);
			sourceTree = "<group>";
		};
		"____Products_" /* Products */ = {
			isa = PBXGroup;
			children = (
				TestProducts_ /* Tests */,
				"_____Product_Fluent" /* libFluent.dylib */,
				"_____Product_FluentDev" /* FluentDev */,
				"_____Product_libc" /* liblibc.dylib */,
			);
			name = Products;
			sourceTree = "<group>";
		};
		"_____Sources_" /* Sources */ = {
			isa = PBXGroup;
			children = (
				"_______Group_Fluent" /* Fluent */,
				"_______Group_FluentDev" /* FluentDev */,
				"_______Group_libc" /* libc */,
			);
			name = Sources;
			sourceTree = "<group>";
		};
		"_______Group_Fluent" /* Fluent */ = {
			isa = PBXGroup;
			children = (
				__PBXFileRef_Sources/Fluent/Action.swift /* Action.swift */,
				__PBXFileRef_Sources/Fluent/Comparison.swift /* Comparison.swift */,
				__PBXFileRef_Sources/Fluent/Database.swift /* Database.swift */,
				__PBXFileRef_Sources/Fluent/Driver.swift /* Driver.swift */,
				__PBXFileRef_Sources/Fluent/Error.swift /* Error.swift */,
				__PBXFileRef_Sources/Fluent/Filter.swift /* Filter.swift */,
				__PBXFileRef_Sources/Fluent/Helper.swift /* Helper.swift */,
				__PBXFileRef_Sources/Fluent/Join.swift /* Join.swift */,
				__PBXFileRef_Sources/Fluent/Limit.swift /* Limit.swift */,
				__PBXFileRef_Sources/Fluent/Model.swift /* Model.swift */,
				__PBXFileRef_Sources/Fluent/NoSQL.swift /* NoSQL.swift */,
				__PBXFileRef_Sources/Fluent/Offset.swift /* Offset.swift */,
				__PBXFileRef_Sources/Fluent/Operation.swift /* Operation.swift */,
				__PBXFileRef_Sources/Fluent/PrintDriver.swift /* PrintDriver.swift */,
				__PBXFileRef_Sources/Fluent/Query.swift /* Query.swift */,
				__PBXFileRef_Sources/Fluent/Scope.swift /* Scope.swift */,
				__PBXFileRef_Sources/Fluent/Sort.swift /* Sort.swift */,
				__PBXFileRef_Sources/Fluent/SQL.swift /* SQL.swift */,
				__PBXFileRef_Sources/Fluent/Value.swift /* Value.swift */,
			);
			name = Fluent;
			path = Sources/Fluent;
			sourceTree = "<group>";
		};
		"_______Group_FluentDev" /* FluentDev */ = {
			isa = PBXGroup;
			children = (
				__PBXFileRef_Sources/FluentDev/Address.swift /* Address.swift */,
				__PBXFileRef_Sources/FluentDev/main.swift /* main.swift */,
				__PBXFileRef_Sources/FluentDev/User.swift /* User.swift */,
			);
			name = FluentDev;
			path = Sources/FluentDev;
			sourceTree = "<group>";
		};
		"_______Group_FluentTestSuite" /* Fluent.testsuite */ = {
			isa = PBXGroup;
			children = (
				__PBXFileRef_Tests/Fluent/QueryTests.swift /* QueryTests.swift */,
			);
			name = Fluent.testsuite;
			path = Tests/Fluent;
			sourceTree = "<group>";
		};
		"_______Group_libc" /* libc */ = {
			isa = PBXGroup;
			children = (
				__PBXFileRef_Sources/libc/libc.swift /* libc.swift */,
			);
			name = libc;
			path = Sources/libc;
			sourceTree = "<group>";
		};
		"_______Tests_" /* Tests */ = {
			isa = PBXGroup;
			children = (
				"_______Group_FluentTestSuite" /* Fluent.testsuite */,
			);
			name = Tests;
			sourceTree = "<group>";
		};
/* End PBXGroup section */

/* Begin PBXNativeTarget section */
		"______Target_Fluent" /* Fluent */ = {
			isa = PBXNativeTarget;
			buildConfigurationList = "_______Confs_Fluent" /* Build configuration list for PBXNativeTarget "Fluent" */;
			buildPhases = (
				CompilePhase_Fluent /* Sources */,
				"___LinkPhase_Fluent" /* Frameworks */,
			);
			buildRules = (
			);
			dependencies = (
				__Dependency_libc /* PBXTargetDependency */,
			);
			name = Fluent;
			productName = Fluent;
			productReference = "_____Product_Fluent" /* libFluent.dylib */;
			productType = "com.apple.product-type.library.dynamic";
		};
		"______Target_FluentDev" /* FluentDev */ = {
			isa = PBXNativeTarget;
			buildConfigurationList = "_______Confs_FluentDev" /* Build configuration list for PBXNativeTarget "FluentDev" */;
			buildPhases = (
				CompilePhase_FluentDev /* Sources */,
				"___LinkPhase_FluentDev" /* Frameworks */,
			);
			buildRules = (
			);
			dependencies = (
				__Dependency_Fluent /* PBXTargetDependency */,
			);
			name = FluentDev;
			productName = FluentDev;
			productReference = "_____Product_FluentDev" /* FluentDev */;
			productType = "com.apple.product-type.tool";
		};
		"______Target_FluentTestSuite" /* Fluent.testsuite */ = {
			isa = PBXNativeTarget;
			buildConfigurationList = "_______Confs_FluentTestSuite" /* Build configuration list for PBXNativeTarget "Fluent.testsuite" */;
			buildPhases = (
				CompilePhase_FluentTestSuite /* Sources */,
				"___LinkPhase_FluentTestSuite" /* Frameworks */,
			);
			buildRules = (
			);
			dependencies = (
				__Dependency_Fluent /* PBXTargetDependency */,
			);
			name = Fluent.testsuite;
			productName = FluentTestSuite;
			productReference = "_____Product_FluentTestSuite" /* FluentTestSuite.xctest */;
			productType = "com.apple.product-type.bundle.unit-test";
		};
		"______Target_libc" /* libc */ = {
			isa = PBXNativeTarget;
			buildConfigurationList = "_______Confs_libc" /* Build configuration list for PBXNativeTarget "libc" */;
			buildPhases = (
				CompilePhase_libc /* Sources */,
				"___LinkPhase_libc" /* Frameworks */,
			);
			buildRules = (
			);
			dependencies = (
			);
			name = libc;
			productName = libc;
			productReference = "_____Product_libc" /* liblibc.dylib */;
			productType = "com.apple.product-type.library.dynamic";
		};
/* End PBXNativeTarget section */

/* Begin PBXProject section */
		__RootObject_ /* Project object */ = {
			isa = PBXProject;
			attributes = {
				LastUpgradeCheck = 9999;
			};
			buildConfigurationList = "___RootConfs_" /* Build configuration list for PBXProject "Fluent" */;
			compatibilityVersion = "Xcode 3.2";
			developmentRegion = English;
			hasScannedForEncodings = 0;
			knownRegions = (
				en,
			);
			mainGroup = "___RootGroup_";
			productRefGroup = "____Products_" /* Products */;
			projectDirPath = "";
			projectRoot = "";
			targets = (
				"______Target_Fluent" /* Fluent */,
				"______Target_FluentDev" /* FluentDev */,
				"______Target_libc" /* libc */,
				"______Target_FluentTestSuite" /* Fluent.testsuite */,
			);
		};
/* End PBXProject section */

/* Begin PBXSourcesBuildPhase section */
		CompilePhase_Fluent /* Sources */ = {
			isa = PBXSourcesBuildPhase;
			buildActionMask = 0;
			files = (
				__src_cc_ref_Sources/Fluent/Action.swift /* Action.swift in Sources */,
				__src_cc_ref_Sources/Fluent/Comparison.swift /* Comparison.swift in Sources */,
				__src_cc_ref_Sources/Fluent/Database.swift /* Database.swift in Sources */,
				__src_cc_ref_Sources/Fluent/Driver.swift /* Driver.swift in Sources */,
				__src_cc_ref_Sources/Fluent/Error.swift /* Error.swift in Sources */,
				__src_cc_ref_Sources/Fluent/Filter.swift /* Filter.swift in Sources */,
				__src_cc_ref_Sources/Fluent/Helper.swift /* Helper.swift in Sources */,
				__src_cc_ref_Sources/Fluent/Join.swift /* Join.swift in Sources */,
				__src_cc_ref_Sources/Fluent/Limit.swift /* Limit.swift in Sources */,
				__src_cc_ref_Sources/Fluent/Model.swift /* Model.swift in Sources */,
				__src_cc_ref_Sources/Fluent/NoSQL.swift /* NoSQL.swift in Sources */,
				__src_cc_ref_Sources/Fluent/Offset.swift /* Offset.swift in Sources */,
				__src_cc_ref_Sources/Fluent/Operation.swift /* Operation.swift in Sources */,
				__src_cc_ref_Sources/Fluent/PrintDriver.swift /* PrintDriver.swift in Sources */,
				__src_cc_ref_Sources/Fluent/Query.swift /* Query.swift in Sources */,
				__src_cc_ref_Sources/Fluent/Scope.swift /* Scope.swift in Sources */,
				__src_cc_ref_Sources/Fluent/Sort.swift /* Sort.swift in Sources */,
				__src_cc_ref_Sources/Fluent/SQL.swift /* SQL.swift in Sources */,
				__src_cc_ref_Sources/Fluent/Value.swift /* Value.swift in Sources */,
			);
			runOnlyForDeploymentPostprocessing = 0;
		};
		CompilePhase_FluentDev /* Sources */ = {
			isa = PBXSourcesBuildPhase;
			buildActionMask = 0;
			files = (
				__src_cc_ref_Sources/FluentDev/Address.swift /* Address.swift in Sources */,
				__src_cc_ref_Sources/FluentDev/main.swift /* main.swift in Sources */,
				__src_cc_ref_Sources/FluentDev/User.swift /* User.swift in Sources */,
			);
			runOnlyForDeploymentPostprocessing = 0;
		};
		CompilePhase_FluentTestSuite /* Sources */ = {
			isa = PBXSourcesBuildPhase;
			buildActionMask = 0;
			files = (
				__src_cc_ref_Tests/Fluent/QueryTests.swift /* QueryTests.swift in Sources */,
			);
			runOnlyForDeploymentPostprocessing = 0;
		};
		CompilePhase_libc /* Sources */ = {
			isa = PBXSourcesBuildPhase;
			buildActionMask = 0;
			files = (
				__src_cc_ref_Sources/libc/libc.swift /* libc.swift in Sources */,
			);
			runOnlyForDeploymentPostprocessing = 0;
		};
/* End PBXSourcesBuildPhase section */

/* Begin PBXTargetDependency section */
		__Dependency_Fluent /* PBXTargetDependency */ = {
			isa = PBXTargetDependency;
			target = "______Target_Fluent" /* Fluent */;
			targetProxy = C3779C721CAA320800A18F2E /* PBXContainerItemProxy */;
		};
		__Dependency_libc /* PBXTargetDependency */ = {
			isa = PBXTargetDependency;
			target = "______Target_libc" /* libc */;
			targetProxy = C3779C711CAA320800A18F2E /* PBXContainerItemProxy */;
		};
/* End PBXTargetDependency section */

/* Begin XCBuildConfiguration section */
		_ReleaseConf_Fluent /* Release */ = {
			isa = XCBuildConfiguration;
			buildSettings = {
				COMBINE_HIDPI_IMAGES = YES;
				DYLIB_INSTALL_NAME_BASE = "$(CONFIGURATION_BUILD_DIR)";
				ENABLE_TESTABILITY = YES;
				LD_RUNPATH_SEARCH_PATHS = "$(TOOLCHAIN_DIR)/usr/lib/swift/macosx";
				MACOSX_DEPLOYMENT_TARGET = 10.10;
				OTHER_SWIFT_FLAGS = "-DXcode";
				PRODUCT_MODULE_NAME = Fluent;
				PRODUCT_NAME = "lib$(TARGET_NAME)";
			};
			name = Release;
		};
		_ReleaseConf_FluentDev /* Release */ = {
			isa = XCBuildConfiguration;
			buildSettings = {
				COMBINE_HIDPI_IMAGES = YES;
				LD_RUNPATH_SEARCH_PATHS = "$(TOOLCHAIN_DIR)/usr/lib/swift/macosx";
				MACOSX_DEPLOYMENT_TARGET = 10.10;
				OTHER_SWIFT_FLAGS = "-DXcode";
				PRODUCT_MODULE_NAME = FluentDev;
				PRODUCT_NAME = "$(TARGET_NAME)";
				SWIFT_FORCE_DYNAMIC_LINK_STDLIB = YES;
				SWIFT_FORCE_STATIC_LINK_STDLIB = NO;
			};
			name = Release;
		};
		_ReleaseConf_FluentTestSuite /* Release */ = {
			isa = XCBuildConfiguration;
			buildSettings = {
				COMBINE_HIDPI_IMAGES = YES;
				EMBEDDED_CONTENT_CONTAINS_SWIFT = YES;
				LD_RUNPATH_SEARCH_PATHS = "@loader_path/../Frameworks";
				MACOSX_DEPLOYMENT_TARGET = 10.10;
				OTHER_SWIFT_FLAGS = "-DXcode";
				PRODUCT_MODULE_NAME = FluentTestSuite;
				PRODUCT_NAME = "$(TARGET_NAME)";
			};
			name = Release;
		};
		_ReleaseConf_libc /* Release */ = {
			isa = XCBuildConfiguration;
			buildSettings = {
				COMBINE_HIDPI_IMAGES = YES;
				DYLIB_INSTALL_NAME_BASE = "$(CONFIGURATION_BUILD_DIR)";
				ENABLE_TESTABILITY = YES;
				LD_RUNPATH_SEARCH_PATHS = "$(TOOLCHAIN_DIR)/usr/lib/swift/macosx";
				MACOSX_DEPLOYMENT_TARGET = 10.10;
				OTHER_SWIFT_FLAGS = "-DXcode";
				PRODUCT_MODULE_NAME = libc;
				PRODUCT_NAME = "lib$(TARGET_NAME)";
			};
			name = Release;
		};
		"___DebugConf_Fluent" /* Debug */ = {
			isa = XCBuildConfiguration;
			buildSettings = {
				COMBINE_HIDPI_IMAGES = YES;
				DYLIB_INSTALL_NAME_BASE = "$(CONFIGURATION_BUILD_DIR)";
				ENABLE_TESTABILITY = YES;
				LD_RUNPATH_SEARCH_PATHS = "$(TOOLCHAIN_DIR)/usr/lib/swift/macosx";
				MACOSX_DEPLOYMENT_TARGET = 10.10;
				OTHER_SWIFT_FLAGS = "-DXcode";
				PRODUCT_MODULE_NAME = Fluent;
				PRODUCT_NAME = "lib$(TARGET_NAME)";
				SWIFT_OPTIMIZATION_LEVEL = "-Onone";
			};
			name = Debug;
		};
		"___DebugConf_FluentDev" /* Debug */ = {
			isa = XCBuildConfiguration;
			buildSettings = {
				COMBINE_HIDPI_IMAGES = YES;
				LD_RUNPATH_SEARCH_PATHS = "$(TOOLCHAIN_DIR)/usr/lib/swift/macosx";
				MACOSX_DEPLOYMENT_TARGET = 10.10;
				OTHER_SWIFT_FLAGS = "-DXcode";
				PRODUCT_MODULE_NAME = FluentDev;
				PRODUCT_NAME = "$(TARGET_NAME)";
				SWIFT_FORCE_DYNAMIC_LINK_STDLIB = YES;
				SWIFT_FORCE_STATIC_LINK_STDLIB = NO;
				SWIFT_OPTIMIZATION_LEVEL = "-Onone";
			};
			name = Debug;
		};
		"___DebugConf_FluentTestSuite" /* Debug */ = {
			isa = XCBuildConfiguration;
			buildSettings = {
				COMBINE_HIDPI_IMAGES = YES;
				EMBEDDED_CONTENT_CONTAINS_SWIFT = YES;
				LD_RUNPATH_SEARCH_PATHS = "@loader_path/../Frameworks";
				MACOSX_DEPLOYMENT_TARGET = 10.10;
				OTHER_SWIFT_FLAGS = "-DXcode";
				PRODUCT_MODULE_NAME = FluentTestSuite;
				PRODUCT_NAME = "$(TARGET_NAME)";
				SWIFT_OPTIMIZATION_LEVEL = "-Onone";
			};
			name = Debug;
		};
		"___DebugConf_libc" /* Debug */ = {
			isa = XCBuildConfiguration;
			buildSettings = {
				COMBINE_HIDPI_IMAGES = YES;
				DYLIB_INSTALL_NAME_BASE = "$(CONFIGURATION_BUILD_DIR)";
				ENABLE_TESTABILITY = YES;
				LD_RUNPATH_SEARCH_PATHS = "$(TOOLCHAIN_DIR)/usr/lib/swift/macosx";
				MACOSX_DEPLOYMENT_TARGET = 10.10;
				OTHER_SWIFT_FLAGS = "-DXcode";
				PRODUCT_MODULE_NAME = libc;
				PRODUCT_NAME = "lib$(TARGET_NAME)";
				SWIFT_OPTIMIZATION_LEVEL = "-Onone";
			};
			name = Debug;
		};
		"_____Release_" /* Release */ = {
			isa = XCBuildConfiguration;
			buildSettings = {
			};
			name = Release;
		};
		"_______Debug_" /* Debug */ = {
			isa = XCBuildConfiguration;
			buildSettings = {
			};
			name = Debug;
		};
/* End XCBuildConfiguration section */

/* Begin XCConfigurationList section */
		"___RootConfs_" /* Build configuration list for PBXProject "Fluent" */ = {
			isa = XCConfigurationList;
			buildConfigurations = (
				"_______Debug_" /* Debug */,
				"_____Release_" /* Release */,
			);
			defaultConfigurationIsVisible = 0;
			defaultConfigurationName = Debug;
		};
		"_______Confs_Fluent" /* Build configuration list for PBXNativeTarget "Fluent" */ = {
			isa = XCConfigurationList;
			buildConfigurations = (
				"___DebugConf_Fluent" /* Debug */,
				_ReleaseConf_Fluent /* Release */,
			);
			defaultConfigurationIsVisible = 0;
			defaultConfigurationName = Debug;
		};
		"_______Confs_FluentDev" /* Build configuration list for PBXNativeTarget "FluentDev" */ = {
			isa = XCConfigurationList;
			buildConfigurations = (
				"___DebugConf_FluentDev" /* Debug */,
				_ReleaseConf_FluentDev /* Release */,
			);
			defaultConfigurationIsVisible = 0;
			defaultConfigurationName = Debug;
		};
		"_______Confs_FluentTestSuite" /* Build configuration list for PBXNativeTarget "Fluent.testsuite" */ = {
			isa = XCConfigurationList;
			buildConfigurations = (
				"___DebugConf_FluentTestSuite" /* Debug */,
				_ReleaseConf_FluentTestSuite /* Release */,
			);
			defaultConfigurationIsVisible = 0;
			defaultConfigurationName = Debug;
		};
		"_______Confs_libc" /* Build configuration list for PBXNativeTarget "libc" */ = {
			isa = XCConfigurationList;
			buildConfigurations = (
				"___DebugConf_libc" /* Debug */,
				_ReleaseConf_libc /* Release */,
			);
			defaultConfigurationIsVisible = 0;
			defaultConfigurationName = Debug;
		};
/* End XCConfigurationList section */
	};
	rootObject = __RootObject_ /* Project object */;
}
